
Microsoft Visual Studio Solution File, Format Version 12.00
# Visual Studio Version 17
VisualStudioVersion = 17.2.32616.157
MinimumVisualStudioVersion = 10.0.40219.1
Project("{FAE04EC0-301F-11D3-BF4B-00C04F79EFBC}") = "Apps", "Apps\Apps.csproj", "{DC60456A-410D-430B-86C4-FF4479B4987A}"
EndProject
Project("{FAE04EC0-301F-11D3-BF4B-00C04F79EFBC}") = "DataStructures", "DataStructures\DataStructures.csproj", "{FFEB4B85-F7EA-47F7-80C1-8574B800341A}"
EndProject
Global
	GlobalSection(SolutionConfigurationPlatforms) = preSolution
		Debug|Any CPU = Debug|Any CPU
		Release|Any CPU = Release|Any CPU
	EndGlobalSection
	GlobalSection(ProjectConfigurationPlatforms) = postSolution
		{DC60456A-410D-430B-86C4-FF4479B4987A}.Debug|Any CPU.ActiveCfg = Debug|Any CPU
		{DC60456A-410D-430B-86C4-FF4479B4987A}.Debug|Any CPU.Build.0 = Debug|Any CPU
		{DC60456A-410D-430B-86C4-FF4479B4987A}.Release|Any CPU.ActiveCfg = Release|Any CPU
		{DC60456A-410D-430B-86C4-FF4479B4987A}.Release|Any CPU.Build.0 = Release|Any CPU
		{FFEB4B85-F7EA-47F7-80C1-8574B800341A}.Debug|Any CPU.ActiveCfg = Debug|Any CPU
		{FFEB4B85-F7EA-47F7-80C1-8574B800341A}.Debug|Any CPU.Build.0 = Debug|Any CPU
		{FFEB4B85-F7EA-47F7-80C1-8574B800341A}.Release|Any CPU.ActiveCfg = Release|Any CPU
		{FFEB4B85-F7EA-47F7-80C1-8574B800341A}.Release|Any CPU.Build.0 = Release|Any CPU
	EndGlobalSection
	GlobalSection(SolutionProperties) = preSolution
		HideSolutionNode = FALSE
	EndGlobalSection
	GlobalSection(ExtensibilityGlobals) = postSolution
		SolutionGuid = {5C00E9BF-298B-4B0E-BF7D-018F1A8AD986}
	EndGlobalSection
EndGlobal
